// !$*UTF8*$!
{
	archiveVersion = 1;
	classes = {
	};
	objectVersion = 60;
	objects = {

/* Begin PBXBuildFile section */
		259E72B915B6D622816FA88A /* ToastExampleViewController.swift in Sources */ = {isa = PBXBuildFile; fileRef = F8ED5A44312430342E62FA05 /* ToastExampleViewController.swift */; };
		2FC05B6BC638C53E053A658F /* LoaderExampleViewController.swift in Sources */ = {isa = PBXBuildFile; fileRef = 32E116E25F7865FD99997BB7 /* LoaderExampleViewController.swift */; };
		3C2C52007DA75D964175509C /* ButtonGroupUIKitExampleViewController.swift in Sources */ = {isa = PBXBuildFile; fileRef = 5DE2980D83369D156021177A /* ButtonGroupUIKitExampleViewController.swift */; };
		43578530539FA298D4F8B735 /* ComponentType.swift in Sources */ = {isa = PBXBuildFile; fileRef = 39EA8E66F0261F322D281881 /* ComponentType.swift */; };
		4EE32A2C0ACF8248B4A9F166 /* Assets.xcassets in Resources */ = {isa = PBXBuildFile; fileRef = B008278E4A5A2E9DF30E2BBD /* Assets.xcassets */; };
		6D2873002BF9CDF87EABF076 /* CardExampleViewController.swift in Sources */ = {isa = PBXBuildFile; fileRef = 4DC7F1E43774F420E806144E /* CardExampleViewController.swift */; };
		6F0EC8D93A7C91DD85D1AE01 /* ButtonGroupSwiftUIExampleViewController.swift in Sources */ = {isa = PBXBuildFile; fileRef = 3166B4F8BA162FE402A363F0 /* ButtonGroupSwiftUIExampleViewController.swift */; };
		7F9EF88DFE3614C1AD1510C6 /* OptionView.swift in Sources */ = {isa = PBXBuildFile; fileRef = 8EEC35543730CC58998B1087 /* OptionView.swift */; };
		816220B889994A2A50A64BCC /* TuistAssets+ComponentSystemExample.swift in Sources */ = {isa = PBXBuildFile; fileRef = F54A9335C583F2D9B253F24C /* TuistAssets+ComponentSystemExample.swift */; };
		90D2E01976BA7EA2F1DC1AC0 /* ButtonExampleViewController.swift in Sources */ = {isa = PBXBuildFile; fileRef = 89E077A943A06746079BFAC1 /* ButtonExampleViewController.swift */; };
		A23947C5C3EF26CE3FB478A0 /* AlertExampleViewController.swift in Sources */ = {isa = PBXBuildFile; fileRef = 8BD2C92302F43BB4AB233BCA /* AlertExampleViewController.swift */; };
		AA95A1BAD55B12151ED2C3D7 /* ComponentListViewController.swift in Sources */ = {isa = PBXBuildFile; fileRef = 417B9799D639B7D1AB9F7E80 /* ComponentListViewController.swift */; };
		BAB8FF933EAC7C8D1BEE16BB /* AppDelegate.swift in Sources */ = {isa = PBXBuildFile; fileRef = EB1924B904982D7568EBB0AB /* AppDelegate.swift */; };
		BE77BE885999DB5D41F99A64 /* TextFieldExampleViewController.swift in Sources */ = {isa = PBXBuildFile; fileRef = 4EA9641BA5078C3651FC8D76 /* TextFieldExampleViewController.swift */; };
		D5E1D7C8FB75941ED808050B /* ComponentSystem in Frameworks */ = {isa = PBXBuildFile; productRef = 4E15355CF6E2D4B0A3DD9C8C /* ComponentSystem */; };
		DE1AB51BD8B39C09AFEE78CA /* SceneDelegate.swift in Sources */ = {isa = PBXBuildFile; fileRef = 8640E63986433D11E5E74032 /* SceneDelegate.swift */; };
		E92B8A2DB16F281811760666 /* TuistBundle+ComponentSystemExample.swift in Sources */ = {isa = PBXBuildFile; fileRef = F611CEFC4A11CAB78D8B59FE /* TuistBundle+ComponentSystemExample.swift */; };
		FFA2A788D0CEDB9BE01BCEC2 /* LaunchScreen.storyboard in Resources */ = {isa = PBXBuildFile; fileRef = CB97225A390AB5BF78F7A5EF /* LaunchScreen.storyboard */; };
/* End PBXBuildFile section */

/* Begin PBXCopyFilesBuildPhase section */
		0A753F2A2E666317017C454A /* Embed Frameworks */ = {
			isa = PBXCopyFilesBuildPhase;
			buildActionMask = 2147483647;
			dstPath = "";
			dstSubfolderSpec = 10;
			files = (
			);
			name = "Embed Frameworks";
			runOnlyForDeploymentPostprocessing = 0;
		};
/* End PBXCopyFilesBuildPhase section */

/* Begin PBXFileReference section */
		05A9272D467C949952D2647E /* ComponentSystem */ = {isa = PBXFileReference; lastKnownFileType = folder; name = ComponentSystem; path = .; sourceTree = "<group>"; };
		3166B4F8BA162FE402A363F0 /* ButtonGroupSwiftUIExampleViewController.swift */ = {isa = PBXFileReference; lastKnownFileType = sourcecode.swift; path = ButtonGroupSwiftUIExampleViewController.swift; sourceTree = "<group>"; };
		32E116E25F7865FD99997BB7 /* LoaderExampleViewController.swift */ = {isa = PBXFileReference; lastKnownFileType = sourcecode.swift; path = LoaderExampleViewController.swift; sourceTree = "<group>"; };
		39EA8E66F0261F322D281881 /* ComponentType.swift */ = {isa = PBXFileReference; lastKnownFileType = sourcecode.swift; path = ComponentType.swift; sourceTree = "<group>"; };
		417B9799D639B7D1AB9F7E80 /* ComponentListViewController.swift */ = {isa = PBXFileReference; lastKnownFileType = sourcecode.swift; path = ComponentListViewController.swift; sourceTree = "<group>"; };
		4DC7F1E43774F420E806144E /* CardExampleViewController.swift */ = {isa = PBXFileReference; lastKnownFileType = sourcecode.swift; path = CardExampleViewController.swift; sourceTree = "<group>"; };
		4EA9641BA5078C3651FC8D76 /* TextFieldExampleViewController.swift */ = {isa = PBXFileReference; lastKnownFileType = sourcecode.swift; path = TextFieldExampleViewController.swift; sourceTree = "<group>"; };
		5DE2980D83369D156021177A /* ButtonGroupUIKitExampleViewController.swift */ = {isa = PBXFileReference; lastKnownFileType = sourcecode.swift; path = ButtonGroupUIKitExampleViewController.swift; sourceTree = "<group>"; };
		73EE7AFD834FA6497DF68B24 /* Base */ = {isa = PBXFileReference; lastKnownFileType = file.storyboard; name = Base; path = Base.lproj/LaunchScreen.storyboard; sourceTree = "<group>"; };
		8640E63986433D11E5E74032 /* SceneDelegate.swift */ = {isa = PBXFileReference; lastKnownFileType = sourcecode.swift; path = SceneDelegate.swift; sourceTree = "<group>"; };
		89E077A943A06746079BFAC1 /* ButtonExampleViewController.swift */ = {isa = PBXFileReference; lastKnownFileType = sourcecode.swift; path = ButtonExampleViewController.swift; sourceTree = "<group>"; };
		8A6ECCD694A5F026E169BC4E /* ComponentSystemExample.app */ = {isa = PBXFileReference; explicitFileType = wrapper.application; includeInIndex = 0; path = ComponentSystemExample.app; sourceTree = BUILT_PRODUCTS_DIR; };
		8BD2C92302F43BB4AB233BCA /* AlertExampleViewController.swift */ = {isa = PBXFileReference; lastKnownFileType = sourcecode.swift; path = AlertExampleViewController.swift; sourceTree = "<group>"; };
		8EEC35543730CC58998B1087 /* OptionView.swift */ = {isa = PBXFileReference; lastKnownFileType = sourcecode.swift; path = OptionView.swift; sourceTree = "<group>"; };
		9687975A72115C80F4D46E48 /* Info.plist */ = {isa = PBXFileReference; lastKnownFileType = text.plist; path = Info.plist; sourceTree = "<group>"; };
		B008278E4A5A2E9DF30E2BBD /* Assets.xcassets */ = {isa = PBXFileReference; lastKnownFileType = folder.assetcatalog; path = Assets.xcassets; sourceTree = "<group>"; };
		EB1924B904982D7568EBB0AB /* AppDelegate.swift */ = {isa = PBXFileReference; lastKnownFileType = sourcecode.swift; path = AppDelegate.swift; sourceTree = "<group>"; };
		F54A9335C583F2D9B253F24C /* TuistAssets+ComponentSystemExample.swift */ = {isa = PBXFileReference; lastKnownFileType = sourcecode.swift; path = "TuistAssets+ComponentSystemExample.swift"; sourceTree = "<group>"; };
		F611CEFC4A11CAB78D8B59FE /* TuistBundle+ComponentSystemExample.swift */ = {isa = PBXFileReference; lastKnownFileType = sourcecode.swift; path = "TuistBundle+ComponentSystemExample.swift"; sourceTree = "<group>"; };
		F8ED5A44312430342E62FA05 /* ToastExampleViewController.swift */ = {isa = PBXFileReference; lastKnownFileType = sourcecode.swift; path = ToastExampleViewController.swift; sourceTree = "<group>"; };
/* End PBXFileReference section */

/* Begin PBXFrameworksBuildPhase section */
		B76A77AEF2C3336FA77D22FF /* Frameworks */ = {
			isa = PBXFrameworksBuildPhase;
			buildActionMask = 2147483647;
			files = (
				D5E1D7C8FB75941ED808050B /* ComponentSystem in Frameworks */,
			);
			runOnlyForDeploymentPostprocessing = 0;
		};
/* End PBXFrameworksBuildPhase section */

/* Begin PBXGroup section */
		2BC5968EFC7E12316E0BD4DB /* ComponentList */ = {
			isa = PBXGroup;
			children = (
				417B9799D639B7D1AB9F7E80 /* ComponentListViewController.swift */,
				39EA8E66F0261F322D281881 /* ComponentType.swift */,
			);
			path = ComponentList;
			sourceTree = "<group>";
		};
		4738F08BC313CE9E43EFE29E /* App */ = {
			isa = PBXGroup;
			children = (
				9164A1402F515FAD0EAF4C92 /* Resources */,
				B14969F219333AEA800DB115 /* Sources */,
				9687975A72115C80F4D46E48 /* Info.plist */,
			);
			path = App;
			sourceTree = "<group>";
		};
		4B199848BE9E7185E2A9B29F /* Sources */ = {
			isa = PBXGroup;
			children = (
				F54A9335C583F2D9B253F24C /* TuistAssets+ComponentSystemExample.swift */,
				F611CEFC4A11CAB78D8B59FE /* TuistBundle+ComponentSystemExample.swift */,
			);
			path = Sources;
			sourceTree = "<group>";
		};
		4EDC777BF425B22F0305A888 /* Project */ = {
			isa = PBXGroup;
			children = (
				DB197CF96BD8C8101CA6A333 /* Derived */,
				97A5345395E88E31BC39FBEA /* Example */,
			);
			name = Project;
			sourceTree = "<group>";
		};
		9164A1402F515FAD0EAF4C92 /* Resources */ = {
			isa = PBXGroup;
			children = (
				CB97225A390AB5BF78F7A5EF /* LaunchScreen.storyboard */,
				B008278E4A5A2E9DF30E2BBD /* Assets.xcassets */,
			);
			path = Resources;
			sourceTree = "<group>";
		};
		97A5345395E88E31BC39FBEA /* Example */ = {
			isa = PBXGroup;
			children = (
				4738F08BC313CE9E43EFE29E /* App */,
			);
			path = Example;
			sourceTree = "<group>";
		};
		B14969F219333AEA800DB115 /* Sources */ = {
			isa = PBXGroup;
			children = (
				CECF8E722E98F1D900E42079 /* ButtonGroup */,
				CECF8E712E98F1CF00E42079 /* Toast */,
				2BC5968EFC7E12316E0BD4DB /* ComponentList */,
				8BD2C92302F43BB4AB233BCA /* AlertExampleViewController.swift */,
				EB1924B904982D7568EBB0AB /* AppDelegate.swift */,
				89E077A943A06746079BFAC1 /* ButtonExampleViewController.swift */,
				4DC7F1E43774F420E806144E /* CardExampleViewController.swift */,
				32E116E25F7865FD99997BB7 /* LoaderExampleViewController.swift */,
				8EEC35543730CC58998B1087 /* OptionView.swift */,
				8640E63986433D11E5E74032 /* SceneDelegate.swift */,
				4EA9641BA5078C3651FC8D76 /* TextFieldExampleViewController.swift */,
			);
			path = Sources;
			sourceTree = "<group>";
		};
		B1B87A0883E5DE95CED7C6E5 /* Products */ = {
			isa = PBXGroup;
			children = (
				8A6ECCD694A5F026E169BC4E /* ComponentSystemExample.app */,
			);
			name = Products;
			sourceTree = "<group>";
		};
		C846C6A2B9C807624BBD0C3E = {
			isa = PBXGroup;
			children = (
				4EDC777BF425B22F0305A888 /* Project */,
				B1B87A0883E5DE95CED7C6E5 /* Products */,
				F1281C2BDA80ADEE711A5810 /* Packages */,
			);
			sourceTree = "<group>";
		};
		CECF8E712E98F1CF00E42079 /* Toast */ = {
			isa = PBXGroup;
			children = (
				F8ED5A44312430342E62FA05 /* ToastExampleViewController.swift */,
			);
			path = Toast;
			sourceTree = "<group>";
		};
		CECF8E722E98F1D900E42079 /* ButtonGroup */ = {
			isa = PBXGroup;
			children = (
				3166B4F8BA162FE402A363F0 /* ButtonGroupSwiftUIExampleViewController.swift */,
				5DE2980D83369D156021177A /* ButtonGroupUIKitExampleViewController.swift */,
			);
			path = ButtonGroup;
			sourceTree = "<group>";
		};
		DB197CF96BD8C8101CA6A333 /* Derived */ = {
			isa = PBXGroup;
			children = (
				4B199848BE9E7185E2A9B29F /* Sources */,
			);
			path = Derived;
			sourceTree = "<group>";
		};
		F1281C2BDA80ADEE711A5810 /* Packages */ = {
			isa = PBXGroup;
			children = (
				05A9272D467C949952D2647E /* ComponentSystem */,
			);
			name = Packages;
			sourceTree = "<group>";
		};
/* End PBXGroup section */

/* Begin PBXNativeTarget section */
		456DAC5ABEE542F40EA7298F /* ComponentSystemExample */ = {
			isa = PBXNativeTarget;
			buildConfigurationList = 47F5D55C54F2F4A36277AC8E /* Build configuration list for PBXNativeTarget "ComponentSystemExample" */;
			buildPhases = (
				A2A1CE61CCFCF7517195E09C /* Sources */,
				6CB4514E232374F4C562BCB1 /* Resources */,
				B76A77AEF2C3336FA77D22FF /* Frameworks */,
				0A753F2A2E666317017C454A /* Embed Frameworks */,
			);
			buildRules = (
			);
			dependencies = (
			);
			name = ComponentSystemExample;
			packageProductDependencies = (
				4E15355CF6E2D4B0A3DD9C8C /* ComponentSystem */,
			);
			productName = ComponentSystemExample;
			productReference = 8A6ECCD694A5F026E169BC4E /* ComponentSystemExample.app */;
			productType = "com.apple.product-type.application";
		};
/* End PBXNativeTarget section */

/* Begin PBXProject section */
		B7BAC57AF67666D85E909939 /* Project object */ = {
			isa = PBXProject;
			attributes = {
				BuildIndependentTargetsInParallel = YES;
				ORGANIZATIONNAME = ComponentSystem;
			};
			buildConfigurationList = 4CF95D0F1D87BC8FD34097F4 /* Build configuration list for PBXProject "ComponentSystem" */;
			compatibilityVersion = "Xcode 14.0";
			developmentRegion = en;
			hasScannedForEncodings = 0;
			knownRegions = (
				Base,
				en,
			);
			mainGroup = C846C6A2B9C807624BBD0C3E;
			packageReferences = (
				DF9C7CCBCA49A93849792EC3 /* XCLocalSwiftPackageReference "/Users/station3/Documents/ComponentSystem2/ComponentSystem" */,
			);
			productRefGroup = B1B87A0883E5DE95CED7C6E5 /* Products */;
			projectDirPath = "";
			projectRoot = "";
			targets = (
				456DAC5ABEE542F40EA7298F /* ComponentSystemExample */,
			);
		};
/* End PBXProject section */

/* Begin PBXResourcesBuildPhase section */
		6CB4514E232374F4C562BCB1 /* Resources */ = {
			isa = PBXResourcesBuildPhase;
			buildActionMask = 2147483647;
			files = (
				4EE32A2C0ACF8248B4A9F166 /* Assets.xcassets in Resources */,
				FFA2A788D0CEDB9BE01BCEC2 /* LaunchScreen.storyboard in Resources */,
			);
			runOnlyForDeploymentPostprocessing = 0;
		};
/* End PBXResourcesBuildPhase section */

/* Begin PBXSourcesBuildPhase section */
		A2A1CE61CCFCF7517195E09C /* Sources */ = {
			isa = PBXSourcesBuildPhase;
			buildActionMask = 2147483647;
			files = (
				816220B889994A2A50A64BCC /* TuistAssets+ComponentSystemExample.swift in Sources */,
				E92B8A2DB16F281811760666 /* TuistBundle+ComponentSystemExample.swift in Sources */,
				A23947C5C3EF26CE3FB478A0 /* AlertExampleViewController.swift in Sources */,
				BAB8FF933EAC7C8D1BEE16BB /* AppDelegate.swift in Sources */,
				90D2E01976BA7EA2F1DC1AC0 /* ButtonExampleViewController.swift in Sources */,
				6F0EC8D93A7C91DD85D1AE01 /* ButtonGroupSwiftUIExampleViewController.swift in Sources */,
				3C2C52007DA75D964175509C /* ButtonGroupUIKitExampleViewController.swift in Sources */,
				6D2873002BF9CDF87EABF076 /* CardExampleViewController.swift in Sources */,
				AA95A1BAD55B12151ED2C3D7 /* ComponentListViewController.swift in Sources */,
				43578530539FA298D4F8B735 /* ComponentType.swift in Sources */,
				2FC05B6BC638C53E053A658F /* LoaderExampleViewController.swift in Sources */,
				7F9EF88DFE3614C1AD1510C6 /* OptionView.swift in Sources */,
				DE1AB51BD8B39C09AFEE78CA /* SceneDelegate.swift in Sources */,
				BE77BE885999DB5D41F99A64 /* TextFieldExampleViewController.swift in Sources */,
				259E72B915B6D622816FA88A /* ToastExampleViewController.swift in Sources */,
			);
			runOnlyForDeploymentPostprocessing = 0;
		};
/* End PBXSourcesBuildPhase section */

/* Begin PBXVariantGroup section */
		CB97225A390AB5BF78F7A5EF /* LaunchScreen.storyboard */ = {
			isa = PBXVariantGroup;
			children = (
				73EE7AFD834FA6497DF68B24 /* Base */,
			);
			name = LaunchScreen.storyboard;
			sourceTree = "<group>";
		};
/* End PBXVariantGroup section */

/* Begin XCBuildConfiguration section */
		2D2668E0B054D389885FDC43 /* Release */ = {
			isa = XCBuildConfiguration;
			buildSettings = {
				ASSETCATALOG_COMPILER_APPICON_NAME = AppIcon;
				ASSETCATALOG_COMPILER_GLOBAL_ACCENT_COLOR_NAME = AccentColor;
				CODE_SIGN_IDENTITY = "iPhone Developer";
				ENABLE_PREVIEWS = YES;
				INFOPLIST_FILE = Example/App/Info.plist;
				IPHONEOS_DEPLOYMENT_TARGET = 17.0;
				LD_RUNPATH_SEARCH_PATHS = (
					"$(inherited)",
					"@executable_path/Frameworks",
				);
				PRODUCT_BUNDLE_IDENTIFIER = dev.componentsystem.example;
				PRODUCT_NAME = ComponentSystemExample;
				SDKROOT = iphoneos;
				SUPPORTS_MACCATALYST = NO;
				SUPPORTS_MAC_DESIGNED_FOR_IPHONE_IPAD = NO;
				SUPPORTS_XR_DESIGNED_FOR_IPHONE_IPAD = NO;
				SWIFT_COMPILATION_MODE = wholemodule;
				SWIFT_OPTIMIZATION_LEVEL = "-Owholemodule";
				SWIFT_VERSION = 5.0;
				TARGETED_DEVICE_FAMILY = "1,2";
			};
			name = Release;
		};
		77A23AF028DB90520FC3315E /* Release */ = {
			isa = XCBuildConfiguration;
			buildSettings = {
				ALWAYS_SEARCH_USER_PATHS = NO;
				CLANG_ANALYZER_LOCALIZABILITY_NONLOCALIZED = YES;
				CLANG_ANALYZER_NONNULL = YES;
				CLANG_ANALYZER_NUMBER_OBJECT_CONVERSION = YES_AGGRESSIVE;
				CLANG_CXX_LANGUAGE_STANDARD = "gnu++14";
				CLANG_CXX_LIBRARY = "libc++";
				CLANG_ENABLE_MODULES = YES;
				CLANG_ENABLE_OBJC_ARC = YES;
				CLANG_ENABLE_OBJC_WEAK = YES;
				CLANG_WARN_BLOCK_CAPTURE_AUTORELEASING = YES;
				CLANG_WARN_BOOL_CONVERSION = YES;
				CLANG_WARN_COMMA = YES;
				CLANG_WARN_CONSTANT_CONVERSION = YES;
				CLANG_WARN_DEPRECATED_OBJC_IMPLEMENTATIONS = YES;
				CLANG_WARN_DIRECT_OBJC_ISA_USAGE = YES_ERROR;
				CLANG_WARN_DOCUMENTATION_COMMENTS = YES;
				CLANG_WARN_EMPTY_BODY = YES;
				CLANG_WARN_ENUM_CONVERSION = YES;
				CLANG_WARN_INFINITE_RECURSION = YES;
				CLANG_WARN_INT_CONVERSION = YES;
				CLANG_WARN_NON_LITERAL_NULL_CONVERSION = YES;
				CLANG_WARN_OBJC_IMPLICIT_RETAIN_SELF = YES;
				CLANG_WARN_OBJC_LITERAL_CONVERSION = YES;
				CLANG_WARN_OBJC_ROOT_CLASS = YES_ERROR;
				CLANG_WARN_QUOTED_INCLUDE_IN_FRAMEWORK_HEADER = YES;
				CLANG_WARN_RANGE_LOOP_ANALYSIS = YES;
				CLANG_WARN_STRICT_PROTOTYPES = YES;
				CLANG_WARN_SUSPICIOUS_MOVE = YES;
				CLANG_WARN_UNGUARDED_AVAILABILITY = YES_AGGRESSIVE;
				CLANG_WARN_UNREACHABLE_CODE = YES;
				CLANG_WARN__DUPLICATE_METHOD_MATCH = YES;
				COPY_PHASE_STRIP = NO;
				DEAD_CODE_STRIPPING = YES;
				DEBUG_INFORMATION_FORMAT = "dwarf-with-dsym";
				ENABLE_NS_ASSERTIONS = NO;
				ENABLE_STRICT_OBJC_MSGSEND = YES;
				GCC_C_LANGUAGE_STANDARD = gnu11;
				GCC_NO_COMMON_BLOCKS = YES;
				GCC_WARN_64_TO_32_BIT_CONVERSION = YES;
				GCC_WARN_ABOUT_RETURN_TYPE = YES_ERROR;
				GCC_WARN_UNDECLARED_SELECTOR = YES;
				GCC_WARN_UNINITIALIZED_AUTOS = YES_AGGRESSIVE;
				GCC_WARN_UNUSED_FUNCTION = YES;
				GCC_WARN_UNUSED_VARIABLE = YES;
				MTL_ENABLE_DEBUG_INFO = NO;
				PRODUCT_NAME = "$(TARGET_NAME)";
				VALIDATE_PRODUCT = YES;
			};
			name = Release;
		};
		DCC13E079E7CDD3EBCC67ECF /* Debug */ = {
			isa = XCBuildConfiguration;
			buildSettings = {
				ALWAYS_SEARCH_USER_PATHS = NO;
				CLANG_ANALYZER_LOCALIZABILITY_NONLOCALIZED = YES;
				CLANG_ANALYZER_NONNULL = YES;
				CLANG_ANALYZER_NUMBER_OBJECT_CONVERSION = YES_AGGRESSIVE;
				CLANG_CXX_LANGUAGE_STANDARD = "gnu++14";
				CLANG_CXX_LIBRARY = "libc++";
				CLANG_ENABLE_MODULES = YES;
				CLANG_ENABLE_OBJC_ARC = YES;
				CLANG_ENABLE_OBJC_WEAK = YES;
				CLANG_WARN_BLOCK_CAPTURE_AUTORELEASING = YES;
				CLANG_WARN_BOOL_CONVERSION = YES;
				CLANG_WARN_COMMA = YES;
				CLANG_WARN_CONSTANT_CONVERSION = YES;
				CLANG_WARN_DEPRECATED_OBJC_IMPLEMENTATIONS = YES;
				CLANG_WARN_DIRECT_OBJC_ISA_USAGE = YES_ERROR;
				CLANG_WARN_DOCUMENTATION_COMMENTS = YES;
				CLANG_WARN_EMPTY_BODY = YES;
				CLANG_WARN_ENUM_CONVERSION = YES;
				CLANG_WARN_INFINITE_RECURSION = YES;
				CLANG_WARN_INT_CONVERSION = YES;
				CLANG_WARN_NON_LITERAL_NULL_CONVERSION = YES;
				CLANG_WARN_OBJC_IMPLICIT_RETAIN_SELF = YES;
				CLANG_WARN_OBJC_LITERAL_CONVERSION = YES;
				CLANG_WARN_OBJC_ROOT_CLASS = YES_ERROR;
				CLANG_WARN_QUOTED_INCLUDE_IN_FRAMEWORK_HEADER = YES;
				CLANG_WARN_RANGE_LOOP_ANALYSIS = YES;
				CLANG_WARN_STRICT_PROTOTYPES = YES;
				CLANG_WARN_SUSPICIOUS_MOVE = YES;
				CLANG_WARN_UNGUARDED_AVAILABILITY = YES_AGGRESSIVE;
				CLANG_WARN_UNREACHABLE_CODE = YES;
				CLANG_WARN__DUPLICATE_METHOD_MATCH = YES;
				COPY_PHASE_STRIP = NO;
				DEAD_CODE_STRIPPING = YES;
				DEBUG_INFORMATION_FORMAT = dwarf;
				ENABLE_STRICT_OBJC_MSGSEND = YES;
				ENABLE_TESTABILITY = YES;
				GCC_C_LANGUAGE_STANDARD = gnu11;
				GCC_DYNAMIC_NO_PIC = NO;
				GCC_NO_COMMON_BLOCKS = YES;
				GCC_OPTIMIZATION_LEVEL = 0;
				GCC_PREPROCESSOR_DEFINITIONS = (
					"DEBUG=1",
					"$(inherited)",
				);
				GCC_WARN_64_TO_32_BIT_CONVERSION = YES;
				GCC_WARN_ABOUT_RETURN_TYPE = YES_ERROR;
				GCC_WARN_UNDECLARED_SELECTOR = YES;
				GCC_WARN_UNINITIALIZED_AUTOS = YES_AGGRESSIVE;
				GCC_WARN_UNUSED_FUNCTION = YES;
				GCC_WARN_UNUSED_VARIABLE = YES;
				MTL_ENABLE_DEBUG_INFO = YES;
				ONLY_ACTIVE_ARCH = YES;
				PRODUCT_NAME = "$(TARGET_NAME)";
			};
			name = Debug;
		};
		EEEF4E36C80B515329DF4F5D /* Debug */ = {
			isa = XCBuildConfiguration;
			buildSettings = {
				ASSETCATALOG_COMPILER_APPICON_NAME = AppIcon;
				ASSETCATALOG_COMPILER_GLOBAL_ACCENT_COLOR_NAME = AccentColor;
				CODE_SIGN_IDENTITY = "iPhone Developer";
				ENABLE_PREVIEWS = YES;
				INFOPLIST_FILE = Example/App/Info.plist;
				IPHONEOS_DEPLOYMENT_TARGET = 17.0;
				LD_RUNPATH_SEARCH_PATHS = (
					"$(inherited)",
					"@executable_path/Frameworks",
				);
				PRODUCT_BUNDLE_IDENTIFIER = dev.componentsystem.example;
				PRODUCT_NAME = ComponentSystemExample;
				SDKROOT = iphoneos;
				SUPPORTS_MACCATALYST = NO;
				SUPPORTS_MAC_DESIGNED_FOR_IPHONE_IPAD = NO;
				SUPPORTS_XR_DESIGNED_FOR_IPHONE_IPAD = NO;
				SWIFT_ACTIVE_COMPILATION_CONDITIONS = "$(inherited) DEBUG";
				SWIFT_COMPILATION_MODE = singlefile;
				SWIFT_OPTIMIZATION_LEVEL = "-Onone";
				SWIFT_VERSION = 5.0;
				TARGETED_DEVICE_FAMILY = "1,2";
			};
			name = Debug;
		};
/* End XCBuildConfiguration section */

/* Begin XCConfigurationList section */
		47F5D55C54F2F4A36277AC8E /* Build configuration list for PBXNativeTarget "ComponentSystemExample" */ = {
			isa = XCConfigurationList;
			buildConfigurations = (
				EEEF4E36C80B515329DF4F5D /* Debug */,
				2D2668E0B054D389885FDC43 /* Release */,
			);
			defaultConfigurationIsVisible = 0;
			defaultConfigurationName = Release;
		};
		4CF95D0F1D87BC8FD34097F4 /* Build configuration list for PBXProject "ComponentSystem" */ = {
			isa = XCConfigurationList;
			buildConfigurations = (
				DCC13E079E7CDD3EBCC67ECF /* Debug */,
				77A23AF028DB90520FC3315E /* Release */,
			);
			defaultConfigurationIsVisible = 0;
			defaultConfigurationName = Release;
		};
/* End XCConfigurationList section */

/* Begin XCLocalSwiftPackageReference section */
		DF9C7CCBCA49A93849792EC3 /* XCLocalSwiftPackageReference "/Users/station3/Documents/ComponentSystem2/ComponentSystem" */ = {
			isa = XCLocalSwiftPackageReference;
			relativePath = /Users/station3/Documents/ComponentSystem2/ComponentSystem;
		};
/* End XCLocalSwiftPackageReference section */

/* Begin XCSwiftPackageProductDependency section */
		4E15355CF6E2D4B0A3DD9C8C /* ComponentSystem */ = {
			isa = XCSwiftPackageProductDependency;
			productName = ComponentSystem;
		};
/* End XCSwiftPackageProductDependency section */
	};
	rootObject = B7BAC57AF67666D85E909939 /* Project object */;
}
